
Microsoft Visual Studio Solution File, Format Version 12.00
# Visual Studio Version 17
VisualStudioVersion = 17.0.31611.283
MinimumVisualStudioVersion = 10.0.40219.1
Project("{9A19103F-16F7-4668-BE54-9A1E7A4F7556}") = "FalloutSolver", "FalloutSolver\FalloutSolver.csproj", "{0A2E569F-D8AE-47E0-AC8A-A947C8C40C0A}"
EndProject
Project("{FAE04EC0-301F-11D3-BF4B-00C04F79EFBC}") = "FalloutSolver.Solver", "FalloutSolver.Solver\FalloutSolver.Solver.csproj", "{6F79C508-EBEF-4EE4-96B9-D7052AB39DF9}"
EndProject
Project("{FAE04EC0-301F-11D3-BF4B-00C04F79EFBC}") = "OCRTest", "OCRTest\OCRTest.csproj", "{ACA7E420-23AD-46DB-A911-DCB9D9F7A6D9}"
EndProject
Global
	GlobalSection(SolutionConfigurationPlatforms) = preSolution
		Debug|Any CPU = Debug|Any CPU
		Release|Any CPU = Release|Any CPU
	EndGlobalSection
	GlobalSection(ProjectConfigurationPlatforms) = postSolution
		{0A2E569F-D8AE-47E0-AC8A-A947C8C40C0A}.Debug|Any CPU.ActiveCfg = Debug|Any CPU
		{0A2E569F-D8AE-47E0-AC8A-A947C8C40C0A}.Debug|Any CPU.Build.0 = Debug|Any CPU
		{0A2E569F-D8AE-47E0-AC8A-A947C8C40C0A}.Debug|Any CPU.Deploy.0 = Debug|Any CPU
		{0A2E569F-D8AE-47E0-AC8A-A947C8C40C0A}.Release|Any CPU.ActiveCfg = Release|Any CPU
		{0A2E569F-D8AE-47E0-AC8A-A947C8C40C0A}.Release|Any CPU.Build.0 = Release|Any CPU
		{0A2E569F-D8AE-47E0-AC8A-A947C8C40C0A}.Release|Any CPU.Deploy.0 = Release|Any CPU
		{6F79C508-EBEF-4EE4-96B9-D7052AB39DF9}.Debug|Any CPU.ActiveCfg = Debug|Any CPU
		{6F79C508-EBEF-4EE4-96B9-D7052AB39DF9}.Debug|Any CPU.Build.0 = Debug|Any CPU
		{6F79C508-EBEF-4EE4-96B9-D7052AB39DF9}.Release|Any CPU.ActiveCfg = Release|Any CPU
		{6F79C508-EBEF-4EE4-96B9-D7052AB39DF9}.Release|Any CPU.Build.0 = Release|Any CPU
		{ACA7E420-23AD-46DB-A911-DCB9D9F7A6D9}.Debug|Any CPU.ActiveCfg = Debug|Any CPU
		{ACA7E420-23AD-46DB-A911-DCB9D9F7A6D9}.Debug|Any CPU.Build.0 = Debug|Any CPU
		{ACA7E420-23AD-46DB-A911-DCB9D9F7A6D9}.Release|Any CPU.ActiveCfg = Release|Any CPU
		{ACA7E420-23AD-46DB-A911-DCB9D9F7A6D9}.Release|Any CPU.Build.0 = Release|Any CPU
	EndGlobalSection
	GlobalSection(SolutionProperties) = preSolution
		HideSolutionNode = FALSE
	EndGlobalSection
	GlobalSection(ExtensibilityGlobals) = postSolution
		SolutionGuid = {61F7FB11-1E47-470C-91E2-47F8143E1572}
	EndGlobalSection
EndGlobal
